
Microsoft Visual Studio Solution File, Format Version 12.00
# Visual Studio 15
VisualStudioVersion = 15.0.28307.572
MinimumVisualStudioVersion = 10.0.40219.1
Project("{FAE04EC0-301F-11D3-BF4B-00C04F79EFBC}") = "HttpClientLoginBot.Con", "HttpClientLoginBot.Con\HttpClientLoginBot.Con.csproj", "{333CE6B4-179A-4D6F-983B-D0398BC9CDB3}"
EndProject
Global
	GlobalSection(SolutionConfigurationPlatforms) = preSolution
		Debug|Any CPU = Debug|Any CPU
		Release|Any CPU = Release|Any CPU
	EndGlobalSection
	GlobalSection(ProjectConfigurationPlatforms) = postSolution
		{333CE6B4-179A-4D6F-983B-D0398BC9CDB3}.Debug|Any CPU.ActiveCfg = Debug|Any CPU
		{333CE6B4-179A-4D6F-983B-D0398BC9CDB3}.Debug|Any CPU.Build.0 = Debug|Any CPU
		{333CE6B4-179A-4D6F-983B-D0398BC9CDB3}.Release|Any CPU.ActiveCfg = Release|Any CPU
		{333CE6B4-179A-4D6F-983B-D0398BC9CDB3}.Release|Any CPU.Build.0 = Release|Any CPU
	EndGlobalSection
	GlobalSection(SolutionProperties) = preSolution
		HideSolutionNode = FALSE
	EndGlobalSection
	GlobalSection(ExtensibilityGlobals) = postSolution
		SolutionGuid = {72251F7E-B9CE-44B0-93EB-EB496ECAA0BD}
	EndGlobalSection
EndGlobal
