
Microsoft Visual Studio Solution File, Format Version 12.00
# Visual Studio 15
VisualStudioVersion = 15.0.28307.572
MinimumVisualStudioVersion = 10.0.40219.1
Project("{FAE04EC0-301F-11D3-BF4B-00C04F79EFBC}") = "HttpClientLoginBot.Desktop", "HttpClientLoginBot.Desktop\HttpClientLoginBot.Desktop.csproj", "{2A5156B6-0B20-4553-9E7A-94ADA4AC7743}"
EndProject
Project("{FAE04EC0-301F-11D3-BF4B-00C04F79EFBC}") = "HttpClientLoginBot.Bll", "HttpClientLoginBot.Bll\HttpClientLoginBot.Bll.csproj", "{2A9D0B48-A5C6-4F4A-B8C5-38FEF103DC28}"
EndProject
Project("{FAE04EC0-301F-11D3-BF4B-00C04F79EFBC}") = "HttpClientLoginBot.Tests", "HttpClientLoginBot.Tests\HttpClientLoginBot.Tests.csproj", "{F60D4560-E8F6-41CA-BE79-11E789D533EF}"
EndProject
Global
	GlobalSection(SolutionConfigurationPlatforms) = preSolution
		Debug|Any CPU = Debug|Any CPU
		Release|Any CPU = Release|Any CPU
	EndGlobalSection
	GlobalSection(ProjectConfigurationPlatforms) = postSolution
		{2A5156B6-0B20-4553-9E7A-94ADA4AC7743}.Debug|Any CPU.ActiveCfg = Debug|Any CPU
		{2A5156B6-0B20-4553-9E7A-94ADA4AC7743}.Debug|Any CPU.Build.0 = Debug|Any CPU
		{2A5156B6-0B20-4553-9E7A-94ADA4AC7743}.Release|Any CPU.ActiveCfg = Release|Any CPU
		{2A5156B6-0B20-4553-9E7A-94ADA4AC7743}.Release|Any CPU.Build.0 = Release|Any CPU
		{2A9D0B48-A5C6-4F4A-B8C5-38FEF103DC28}.Debug|Any CPU.ActiveCfg = Debug|Any CPU
		{2A9D0B48-A5C6-4F4A-B8C5-38FEF103DC28}.Debug|Any CPU.Build.0 = Debug|Any CPU
		{2A9D0B48-A5C6-4F4A-B8C5-38FEF103DC28}.Release|Any CPU.ActiveCfg = Release|Any CPU
		{2A9D0B48-A5C6-4F4A-B8C5-38FEF103DC28}.Release|Any CPU.Build.0 = Release|Any CPU
		{F60D4560-E8F6-41CA-BE79-11E789D533EF}.Debug|Any CPU.ActiveCfg = Debug|Any CPU
		{F60D4560-E8F6-41CA-BE79-11E789D533EF}.Debug|Any CPU.Build.0 = Debug|Any CPU
		{F60D4560-E8F6-41CA-BE79-11E789D533EF}.Release|Any CPU.ActiveCfg = Release|Any CPU
		{F60D4560-E8F6-41CA-BE79-11E789D533EF}.Release|Any CPU.Build.0 = Release|Any CPU
	EndGlobalSection
	GlobalSection(SolutionProperties) = preSolution
		HideSolutionNode = FALSE
	EndGlobalSection
	GlobalSection(ExtensibilityGlobals) = postSolution
		SolutionGuid = {72251F7E-B9CE-44B0-93EB-EB496ECAA0BD}
	EndGlobalSection
EndGlobal
